
Microsoft Visual Studio Solution File, Format Version 12.00
# Visual Studio 14
VisualStudioVersion = 14.0.24720.0
MinimumVisualStudioVersion = 10.0.40219.1
Project("{FAE04EC0-301F-11D3-BF4B-00C04F79EFBC}") = "GitJobsService", "GitJobsService\GitJobsService.csproj", "{AE9957F4-E284-441D-8468-B51325ACFBA3}"
EndProject
Project("{FAE04EC0-301F-11D3-BF4B-00C04F79EFBC}") = "GitJobsService.Core", "GitJobsService.Core\GitJobsService.Core.csproj", "{DD6E206E-F408-4216-A26A-695EBD3D3803}"
EndProject
Global
	GlobalSection(SolutionConfigurationPlatforms) = preSolution
		Debug|Any CPU = Debug|Any CPU
		Release|Any CPU = Release|Any CPU
	EndGlobalSection
	GlobalSection(ProjectConfigurationPlatforms) = postSolution
		{AE9957F4-E284-441D-8468-B51325ACFBA3}.Debug|Any CPU.ActiveCfg = Debug|Any CPU
		{AE9957F4-E284-441D-8468-B51325ACFBA3}.Debug|Any CPU.Build.0 = Debug|Any CPU
		{AE9957F4-E284-441D-8468-B51325ACFBA3}.Debug|Any CPU.Deploy.0 = Debug|Any CPU
		{AE9957F4-E284-441D-8468-B51325ACFBA3}.Release|Any CPU.ActiveCfg = Release|Any CPU
		{AE9957F4-E284-441D-8468-B51325ACFBA3}.Release|Any CPU.Build.0 = Release|Any CPU
		{AE9957F4-E284-441D-8468-B51325ACFBA3}.Release|Any CPU.Deploy.0 = Release|Any CPU
		{DD6E206E-F408-4216-A26A-695EBD3D3803}.Debug|Any CPU.ActiveCfg = Debug|Any CPU
		{DD6E206E-F408-4216-A26A-695EBD3D3803}.Debug|Any CPU.Build.0 = Debug|Any CPU
		{DD6E206E-F408-4216-A26A-695EBD3D3803}.Release|Any CPU.ActiveCfg = Release|Any CPU
		{DD6E206E-F408-4216-A26A-695EBD3D3803}.Release|Any CPU.Build.0 = Release|Any CPU
	EndGlobalSection
	GlobalSection(SolutionProperties) = preSolution
		HideSolutionNode = FALSE
	EndGlobalSection
EndGlobal
